
Microsoft Visual Studio Solution File, Format Version 12.00
# Visual Studio Version 17
VisualStudioVersion = 17.10.34928.147
MinimumVisualStudioVersion = 10.0.40219.1
Project("{9A19103F-16F7-4668-BE54-9A1E7A4F7556}") = "EventStoreAPI", "EventStoreAPI.csproj", "{1131346D-7CD4-4D68-B9D5-65E209918DFF}"
EndProject
Project("{2150E333-8FDC-42A3-9474-1A3956D46DE8}") = "Solution Items", "Solution Items", "{06A5370C-5820-410E-90F8-53CE8C075107}"
	ProjectSection(SolutionItems) = preProject
		.gitignore = .gitignore
	EndProjectSection
EndProject
Global
	GlobalSection(SolutionConfigurationPlatforms) = preSolution
		Debug|Any CPU = Debug|Any CPU
		Release|Any CPU = Release|Any CPU
	EndGlobalSection
	GlobalSection(ProjectConfigurationPlatforms) = postSolution
		{1131346D-7CD4-4D68-B9D5-65E209918DFF}.Debug|Any CPU.ActiveCfg = Debug|Any CPU
		{1131346D-7CD4-4D68-B9D5-65E209918DFF}.Debug|Any CPU.Build.0 = Debug|Any CPU
		{1131346D-7CD4-4D68-B9D5-65E209918DFF}.Release|Any CPU.ActiveCfg = Release|Any CPU
		{1131346D-7CD4-4D68-B9D5-65E209918DFF}.Release|Any CPU.Build.0 = Release|Any CPU
	EndGlobalSection
	GlobalSection(SolutionProperties) = preSolution
		HideSolutionNode = FALSE
	EndGlobalSection
	GlobalSection(ExtensibilityGlobals) = postSolution
		SolutionGuid = {76D1C119-EF86-478C-AC10-BB6A83807710}
	EndGlobalSection
EndGlobal
